// !$*UTF8*$!
{
	archiveVersion = 1;
	classes = {
	};
	objectVersion = 46;
	objects = {
		F533191C0FF69281FE7185AF = {
			isa = PBXBuildFile;
			fileRef = A88881FE330C739B99B4A166;
		};
		5F69C17629FA293933AF8A9F = {
			isa = PBXBuildFile;
			fileRef = 3899AD78AEB5471DF9D1A02B;
		};
		E3988DF190C998990E361436 = {
			isa = PBXBuildFile;
			fileRef = CA8F26F0026D1B60B00C45C9;
		};
		017736F6C677D6EE0FAC1FF0 = {
			isa = PBXBuildFile;
			fileRef = F568363BA7F920F40C726CC8;
		};
		76F046BDDDB3441D5F3A759D = {
			isa = PBXBuildFile;
			fileRef = 20CCB9C4E0F552141872CF8F;
		};
		3F61CA422DC293413CD6E5B9 = {
			isa = PBXBuildFile;
			fileRef = 2B5BF017C2BBC0630828E817;
		};
		A1CB54A0E887B4D0691DC674 = {
			isa = PBXBuildFile;
			fileRef = 7BD8E1FDF46DB86844C0019B;
		};
		AEF767B7A5F09BF6EE8C4A18 = {
			isa = PBXBuildFile;
			fileRef = 6F46317CBE8A69E8913A9D3D;
		};
		FF53EF28A1563A997F0AE04D = {
			isa = PBXBuildFile;
			fileRef = 9572733BADD0D750E9502C57;
		};
		3722E0091F6B9077D808DDA2 = {
			isa = PBXBuildFile;
			fileRef = 68421909DCA79FD3FD84B343;
		};
		16EDF35CE629F381953ECF81 = {
			isa = PBXBuildFile;
			fileRef = 705715D25D5EFEF79521AA85;
		};
		DCCAA6673FED2EF50F14CF35 = {
			isa = PBXBuildFile;
			fileRef = 091C3E050FCB4355AB96F41A;
		};
		1B1E1C1268D365334804FF4B = {
			isa = PBXBuildFile;
			fileRef = 5695190685CA77BC4901AB87;
		};
		A77A862FAD718842303A602A = {
			isa = PBXBuildFile;
			fileRef = 03D46D40639FEC81009AFB76;
		};
		B7CDE7E2600C51BB80EBFC0C = {
			isa = PBXBuildFile;
			fileRef = DAA4FBBEDDFECE9DB5EF18F5;
		};
		A4A84BF6E44E5D1D253A7958 = {
			isa = PBXBuildFile;
			fileRef = 7E30170630E2BB4375EFF4BC;
		};
		8BEEC8465891AA8017A225C1 = {
			isa = PBXBuildFile;
			fileRef = B71387EBEF2D2388F8B64B1F;
		};
		1CB4553E09C987476DEF8F0C = {
			isa = PBXBuildFile;
			fileRef = DC80D4B5FFC241701D30B594;
		};
		709E4B9421001C8D59964D86 = {
			isa = PBXBuildFile;
			fileRef = 2D98F4B189DD172638342D31;
		};
		DA1036D43FC4259CB43081FA = {
			isa = PBXBuildFile;
			fileRef = 8BD4576D7921CE58D292E6DA;
		};
		9256B5ABD672BBA21E8E7178 = {
			isa = PBXBuildFile;
			fileRef = 7173DF36203BA5848B189304;
		};
		4D8CFFC1CBC5171E643F1DE9 = {
			isa = PBXBuildFile;
			fileRef = AFF6A7EBA071291370A0D2CC;
		};
		D0D3D5113C971440AE9D0B70 = {
			isa = PBXBuildFile;
			fileRef = 4591EB88B31988A6F0221641;
		};
		466A0CE8EA222DF6B8423575 = {
			isa = PBXBuildFile;
			fileRef = AC0DB44FF3046A2988A8CC20;
		};
		8F532C8E31A667545A884F17 = {
			isa = PBXBuildFile;
			fileRef = 697E7D3D981F4114EEEDC48F;
		};
		2A4D3A3743C9BD52F7D7D43D = {
			isa = PBXBuildFile;
			fileRef = 98072ACD9C178D6378F5EC4C;
		};
		33304E8CF2BBD7532E9E1353 = {
			isa = PBXBuildFile;
			fileRef = C2D301032EBAC17CC739C738;
		};
		E25067F662EC85BFB0440B74 = {
			isa = PBXBuildFile;
			fileRef = 1C847DC5FA0F20A8D565B6E0;
		};
		5EEC25E03FD16E88856DF3E7 = {
			isa = PBXBuildFile;
			fileRef = 95857F90DB68A167247F58C1;
		};
		93E9FA216908070ACF8DB80C = {
			isa = PBXBuildFile;
			fileRef = 55C87F1BBAF93928B932E72A;
		};
		484A6DE361B22D6B10EBEC19 = {
			isa = PBXBuildFile;
			fileRef = A8BC7A889094F18C373A8EEC;
		};
		357ED28E33553B7A38EE0F27 = {
			isa = PBXBuildFile;
			fileRef = DE543355D8B48FDA439F7AAA;
		};
		89B91E3FB34E67045B59F48E = {
			isa = PBXBuildFile;
			fileRef = F6E578AC4804FAC5EF0CEC78;
		};
		128A0113F1CE9CA83557BFBB = {
			isa = PBXBuildFile;
			fileRef = C100DE41701A307B7E29F9CA;
		};
		4CD5ADD792602CDD68AB7D40 = {
			isa = PBXBuildFile;
			fileRef = FE3E00015A605DCFA0B9EA29;
		};
		4E39AA4B3A9A9DE8B6A90ABA = {
			isa = PBXBuildFile;
			fileRef = 0195FE8C997E308FEB116117;
		};
		4D616E7A73FF2295620157D4 = {
			isa = PBXBuildFile;
			fileRef = 225E9C346A1A13BECBC0C9DE;
		};
		C44499E848E11B340EB95493 = {
			isa = PBXBuildFile;
			fileRef = 481E2A146BCB4A794B09F2F3;
		};
		57D4CB0F9A79CEB7FDB4E8D9 = {
			isa = PBXBuildFile;
			fileRef = 18FAD1E968EE70B1E803E2C8;
		};
		023A8F3A48ED16AB572A45B1 = {
			isa = PBXBuildFile;
			fileRef = A240BDE1F8F4C81251B411E3;
		};
		0195FE8C997E308FEB116117 = {
			isa = PBXFileReference;
			lastKnownFileType = sourcecode.cpp.objcpp;
			name = "include_juce_events.mm";
			path = "../../JuceLibraryCode/include_juce_events.mm";
			sourceTree = "SOURCE_ROOT";
		};
		03D46D40639FEC81009AFB76 = {
			isa = PBXFileReference;
			lastKnownFileType = wrapper.framework;
			name = OpenGL.framework;
			path = System/Library/Frameworks/OpenGL.framework;
			sourceTree = SDKROOT;
		};
		091C3E050FCB4355AB96F41A = {
			isa = PBXFileReference;
			lastKnownFileType = wrapper.framework;
			name = DiscRecording.framework;
			path = System/Library/Frameworks/DiscRecording.framework;
			sourceTree = SDKROOT;
		};
		18FAD1E968EE70B1E803E2C8 = {
			isa = PBXFileReference;
			lastKnownFileType = sourcecode.cpp.objcpp;
			name = "include_juce_gui_extra.mm";
			path = "../../JuceLibraryCode/include_juce_gui_extra.mm";
			sourceTree = "SOURCE_ROOT";
		};
		1C847DC5FA0F20A8D565B6E0 = {
			isa = PBXFileReference;
			lastKnownFileType = sourcecode.cpp.cpp;
			name = "include_juce_audio_plugin_client_utils.cpp";
			path = "../../JuceLibraryCode/include_juce_audio_plugin_client_utils.cpp";
			sourceTree = "SOURCE_ROOT";
		};
		20CCB9C4E0F552141872CF8F = {
			isa = PBXFileReference;
			lastKnownFileType = wrapper.framework;
			name = Accelerate.framework;
			path = System/Library/Frameworks/Accelerate.framework;
			sourceTree = SDKROOT;
		};
		225E9C346A1A13BECBC0C9DE = {
			isa = PBXFileReference;
			lastKnownFileType = sourcecode.cpp.objcpp;
			name = "include_juce_graphics.mm";
			path = "../../JuceLibraryCode/include_juce_graphics.mm";
			sourceTree = "SOURCE_ROOT";
		};
		257F4C4EACF7D1194F9D7E9E = {
			isa = PBXFileReference;
			lastKnownFileType = file;
			name = "juce_audio_basics";
			path = "~/JUCE/modules/juce_audio_basics";
			sourceTree = "<absolute>";
		};
		29C6E7574A0D752D8BFBACB2 = {
			isa = PBXFileReference;
			lastKnownFileType = file;
			name = "juce_audio_devices";
			path = "~/JUCE/modules/juce_audio_devices";
			sourceTree = "<absolute>";
		};
		2B5BF017C2BBC0630828E817 = {
			isa = PBXFileReference;
			lastKnownFileType = wrapper.framework;
			name = AudioToolbox.framework;
			path = System/Library/Frameworks/AudioToolbox.framework;
			sourceTree = SDKROOT;
		};
		2D98F4B189DD172638342D31 = {
			isa = PBXFileReference;
			lastKnownFileType = sourcecode.c.h;
			name = PhantomSynth.h;
			path = ../../Source/PhantomSynth.h;
			sourceTree = "SOURCE_ROOT";
		};
		37573E09DF16400AE18EB9AD = {
			isa = PBXFileReference;
			lastKnownFileType = sourcecode.c.h;
			name = AppConfig.h;
			path = ../../JuceLibraryCode/AppConfig.h;
			sourceTree = "SOURCE_ROOT";
		};
		3B0EDB2B7255F400834B7991 = {
			isa = PBXFileReference;
			lastKnownFileType = text.plist.xml;
			name = "Info-VST3.plist";
			path = "Info-VST3.plist";
			sourceTree = "SOURCE_ROOT";
		};
		4591EB88B31988A6F0221641 = {
			isa = PBXFileReference;
			lastKnownFileType = sourcecode.cpp.objcpp;
			name = "include_juce_audio_devices.mm";
			path = "../../JuceLibraryCode/include_juce_audio_devices.mm";
			sourceTree = "SOURCE_ROOT";
		};
		481E2A146BCB4A794B09F2F3 = {
			isa = PBXFileReference;
			lastKnownFileType = sourcecode.cpp.objcpp;
			name = "include_juce_gui_basics.mm";
			path = "../../JuceLibraryCode/include_juce_gui_basics.mm";
			sourceTree = "SOURCE_ROOT";
		};
		4B6BA4167BD70658427CD07E = {
			isa = PBXFileReference;
			lastKnownFileType = file;
			name = "juce_core";
			path = "~/JUCE/modules/juce_core";
			sourceTree = "<absolute>";
		};
		55C87F1BBAF93928B932E72A = {
			isa = PBXFileReference;
			lastKnownFileType = sourcecode.cpp.cpp;
			name = "include_juce_audio_plugin_client_VST3.cpp";
			path = "../../JuceLibraryCode/include_juce_audio_plugin_client_VST3.cpp";
			sourceTree = "SOURCE_ROOT";
		};
		5695190685CA77BC4901AB87 = {
			isa = PBXFileReference;
			lastKnownFileType = wrapper.framework;
			name = IOKit.framework;
			path = System/Library/Frameworks/IOKit.framework;
			sourceTree = SDKROOT;
		};
		59034C723BC4BD1D49A5F43C = {
			isa = PBXFileReference;
			lastKnownFileType = sourcecode.c.h;
			name = PhantomProcessor.h;
			path = ../../Source/PhantomProcessor.h;
			sourceTree = "SOURCE_ROOT";
		};
		5AA8EC05F8406A74D0BDF435 = {
			isa = PBXFileReference;
			lastKnownFileType = file;
			name = "juce_graphics";
			path = "~/JUCE/modules/juce_graphics";
			sourceTree = "<absolute>";
		};
		68421909DCA79FD3FD84B343 = {
			isa = PBXFileReference;
			lastKnownFileType = wrapper.framework;
			name = CoreAudioKit.framework;
			path = System/Library/Frameworks/CoreAudioKit.framework;
			sourceTree = SDKROOT;
		};
		697E7D3D981F4114EEEDC48F = {
			isa = PBXFileReference;
			lastKnownFileType = file.r;
			name = "include_juce_audio_plugin_client_AU.r";
			path = "../../JuceLibraryCode/include_juce_audio_plugin_client_AU.r";
			sourceTree = "SOURCE_ROOT";
		};
		A88881FE330C739B99B4A166 = {
			isa = PBXFileReference;
			explicitFileType = wrapper.cfbundle;
			includeInIndex = 0;
			path = Phantom.vst3;
			sourceTree = "BUILT_PRODUCTS_DIR";
		};
		3899AD78AEB5471DF9D1A02B = {
			isa = PBXFileReference;
			explicitFileType = wrapper.cfbundle;
			includeInIndex = 0;
			path = Phantom.component;
			sourceTree = "BUILT_PRODUCTS_DIR";
		};
		6F46317CBE8A69E8913A9D3D = {
			isa = PBXFileReference;
			lastKnownFileType = wrapper.framework;
			name = Cocoa.framework;
			path = System/Library/Frameworks/Cocoa.framework;
			sourceTree = SDKROOT;
		};
		705715D25D5EFEF79521AA85 = {
			isa = PBXFileReference;
			lastKnownFileType = wrapper.framework;
			name = CoreMIDI.framework;
			path = System/Library/Frameworks/CoreMIDI.framework;
			sourceTree = SDKROOT;
		};
		7173DF36203BA5848B189304 = {
			isa = PBXFileReference;
			lastKnownFileType = sourcecode.cpp.cpp;
			name = PhantomEditor.cpp;
			path = ../../Source/PhantomEditor.cpp;
			sourceTree = "SOURCE_ROOT";
		};
		7BD8E1FDF46DB86844C0019B = {
			isa = PBXFileReference;
			lastKnownFileType = wrapper.framework;
			name = Carbon.framework;
			path = System/Library/Frameworks/Carbon.framework;
			sourceTree = SDKROOT;
		};
		7E30170630E2BB4375EFF4BC = {
			isa = PBXFileReference;
			lastKnownFileType = wrapper.framework;
			name = WebKit.framework;
			path = System/Library/Frameworks/WebKit.framework;
			sourceTree = SDKROOT;
		};
		80E51C830F9B4EA5ADC3665C = {
			isa = PBXFileReference;
			lastKnownFileType = sourcecode.c.h;
			name = PhantomEditor.h;
			path = ../../Source/PhantomEditor.h;
			sourceTree = "SOURCE_ROOT";
		};
		8B4B5320CF4883E8DBD8FCA8 = {
			isa = PBXFileReference;
			lastKnownFileType = file;
			name = "juce_events";
			path = "~/JUCE/modules/juce_events";
			sourceTree = "<absolute>";
		};
		8BD4576D7921CE58D292E6DA = {
			isa = PBXFileReference;
			lastKnownFileType = sourcecode.cpp.cpp;
			name = PhantomProcessor.cpp;
			path = ../../Source/PhantomProcessor.cpp;
			sourceTree = "SOURCE_ROOT";
		};
		9572733BADD0D750E9502C57 = {
			isa = PBXFileReference;
			lastKnownFileType = wrapper.framework;
			name = CoreAudio.framework;
			path = System/Library/Frameworks/CoreAudio.framework;
			sourceTree = SDKROOT;
		};
		95857F90DB68A167247F58C1 = {
			isa = PBXFileReference;
			lastKnownFileType = sourcecode.cpp.objcpp;
			name = "include_juce_audio_plugin_client_VST_utils.mm";
			path = "../../JuceLibraryCode/include_juce_audio_plugin_client_VST_utils.mm";
			sourceTree = "SOURCE_ROOT";
		};
		966916F4C717CEE6ED64B98C = {
			isa = PBXFileReference;
			lastKnownFileType = text.plist.xml;
			name = "Info-AU.plist";
			path = "Info-AU.plist";
			sourceTree = "SOURCE_ROOT";
		};
		96E1B891C8804ADF86E10683 = {
			isa = PBXFileReference;
			lastKnownFileType = file;
			name = "juce_gui_basics";
			path = "~/JUCE/modules/juce_gui_basics";
			sourceTree = "<absolute>";
		};
		98072ACD9C178D6378F5EC4C = {
			isa = PBXFileReference;
			lastKnownFileType = sourcecode.cpp.objcpp;
			name = "include_juce_audio_plugin_client_AU_1.mm";
			path = "../../JuceLibraryCode/include_juce_audio_plugin_client_AU_1.mm";
			sourceTree = "SOURCE_ROOT";
		};
		A240BDE1F8F4C81251B411E3 = {
			isa = PBXFileReference;
			lastKnownFileType = sourcecode.cpp.objcpp;
			name = "include_juce_opengl.mm";
			path = "../../JuceLibraryCode/include_juce_opengl.mm";
			sourceTree = "SOURCE_ROOT";
		};
		A8BC7A889094F18C373A8EEC = {
			isa = PBXFileReference;
			lastKnownFileType = sourcecode.cpp.objcpp;
			name = "include_juce_audio_processors.mm";
			path = "../../JuceLibraryCode/include_juce_audio_processors.mm";
			sourceTree = "SOURCE_ROOT";
		};
		AC0DB44FF3046A2988A8CC20 = {
			isa = PBXFileReference;
			lastKnownFileType = sourcecode.cpp.objcpp;
			name = "include_juce_audio_formats.mm";
			path = "../../JuceLibraryCode/include_juce_audio_formats.mm";
			sourceTree = "SOURCE_ROOT";
		};
		ADB9FEDA4940B6E38D70A811 = {
			isa = PBXFileReference;
			lastKnownFileType = file;
			name = "juce_audio_utils";
			path = "~/JUCE/modules/juce_audio_utils";
			sourceTree = "<absolute>";
		};
		AE10204216D6C4287F1EFAD7 = {
			isa = PBXFileReference;
			lastKnownFileType = file;
			name = "juce_opengl";
			path = "~/JUCE/modules/juce_opengl";
			sourceTree = "<absolute>";
		};
		AFF6A7EBA071291370A0D2CC = {
			isa = PBXFileReference;
			lastKnownFileType = sourcecode.cpp.objcpp;
			name = "include_juce_audio_basics.mm";
			path = "../../JuceLibraryCode/include_juce_audio_basics.mm";
			sourceTree = "SOURCE_ROOT";
		};
		B43DDC2E4A2242B895B5967C = {
			isa = PBXFileReference;
			lastKnownFileType = file;
			name = "juce_audio_processors";
			path = "~/JUCE/modules/juce_audio_processors";
			sourceTree = "<absolute>";
		};
		B492BD782D61B6628E1C3FA0 = {
			isa = PBXFileReference;
			lastKnownFileType = file;
			name = "juce_audio_plugin_client";
			path = "~/JUCE/modules/juce_audio_plugin_client";
			sourceTree = "<absolute>";
		};
		B71387EBEF2D2388F8B64B1F = {
			isa = PBXFileReference;
			lastKnownFileType = file.nib;
			name = RecentFilesMenuTemplate.nib;
			path = RecentFilesMenuTemplate.nib;
			sourceTree = "SOURCE_ROOT";
		};
		C0614AA16AC5ADDBB27E891B = {
			isa = PBXFileReference;
			lastKnownFileType = file;
			name = "juce_cryptography";
			path = "~/JUCE/modules/juce_cryptography";
			sourceTree = "<absolute>";
		};
		C100DE41701A307B7E29F9CA = {
			isa = PBXFileReference;
			lastKnownFileType = sourcecode.cpp.objcpp;
			name = "include_juce_cryptography.mm";
			path = "../../JuceLibraryCode/include_juce_cryptography.mm";
			sourceTree = "SOURCE_ROOT";
		};
		C15C9653A39F33AF3F5EFDE2 = {
			isa = PBXFileReference;
			lastKnownFileType = file;
			name = "juce_audio_formats";
			path = "~/JUCE/modules/juce_audio_formats";
			sourceTree = "<absolute>";
		};
		C2D301032EBAC17CC739C738 = {
			isa = PBXFileReference;
			lastKnownFileType = sourcecode.cpp.objcpp;
			name = "include_juce_audio_plugin_client_AU_2.mm";
			path = "../../JuceLibraryCode/include_juce_audio_plugin_client_AU_2.mm";
			sourceTree = "SOURCE_ROOT";
		};
		CA8F26F0026D1B60B00C45C9 = {
			isa = PBXFileReference;
			explicitFileType = archive.ar;
			includeInIndex = 0;
			path = libPhantom.a;
			sourceTree = "BUILT_PRODUCTS_DIR";
		};
		D5574814D8D35732FC1BD202 = {
			isa = PBXFileReference;
			lastKnownFileType = sourcecode.c.h;
			name = JuceHeader.h;
			path = ../../JuceLibraryCode/JuceHeader.h;
			sourceTree = "SOURCE_ROOT";
		};
		DAA4FBBEDDFECE9DB5EF18F5 = {
			isa = PBXFileReference;
			lastKnownFileType = wrapper.framework;
			name = QuartzCore.framework;
			path = System/Library/Frameworks/QuartzCore.framework;
			sourceTree = SDKROOT;
		};
		DC80D4B5FFC241701D30B594 = {
			isa = PBXFileReference;
			lastKnownFileType = sourcecode.c.h;
			name = PhantomOscilloscope.h;
			path = ../../Source/PhantomOscilloscope.h;
			sourceTree = "SOURCE_ROOT";
		};
		DE543355D8B48FDA439F7AAA = {
			isa = PBXFileReference;
			lastKnownFileType = sourcecode.cpp.objcpp;
			name = "include_juce_audio_utils.mm";
			path = "../../JuceLibraryCode/include_juce_audio_utils.mm";
			sourceTree = "SOURCE_ROOT";
		};
		F568363BA7F920F40C726CC8 = {
			isa = PBXFileReference;
			lastKnownFileType = wrapper.framework;
			name = AudioUnit.framework;
			path = System/Library/Frameworks/AudioUnit.framework;
			sourceTree = SDKROOT;
		};
		F6E578AC4804FAC5EF0CEC78 = {
			isa = PBXFileReference;
			lastKnownFileType = sourcecode.cpp.objcpp;
			name = "include_juce_core.mm";
			path = "../../JuceLibraryCode/include_juce_core.mm";
			sourceTree = "SOURCE_ROOT";
		};
		FE1EACEF93D23217AF347532 = {
			isa = PBXFileReference;
			lastKnownFileType = file;
			name = "juce_gui_extra";
			path = "~/JUCE/modules/juce_gui_extra";
			sourceTree = "<absolute>";
		};
		FE3E00015A605DCFA0B9EA29 = {
			isa = PBXFileReference;
			lastKnownFileType = sourcecode.cpp.objcpp;
			name = "include_juce_data_structures.mm";
			path = "../../JuceLibraryCode/include_juce_data_structures.mm";
			sourceTree = "SOURCE_ROOT";
		};
		FFB9A111E98DE786B6CDCBD3 = {
			isa = PBXFileReference;
			lastKnownFileType = file;
			name = "juce_data_structures";
			path = "~/JUCE/modules/juce_data_structures";
			sourceTree = "<absolute>";
		};
		E18255857BFDF3D11C92CF74 = {
			isa = PBXGroup;
			children = (
				DC80D4B5FFC241701D30B594,
				2D98F4B189DD172638342D31,
				8BD4576D7921CE58D292E6DA,
				59034C723BC4BD1D49A5F43C,
				7173DF36203BA5848B189304,
				80E51C830F9B4EA5ADC3665C,
			);
			name = Source;
			sourceTree = "<group>";
		};
		AC642725410D15B1E31D1C9C = {
			isa = PBXGroup;
			children = (
				E18255857BFDF3D11C92CF74,
			);
			name = Phantom;
			sourceTree = "<group>";
		};
		F2792C40008051E4FE683A77 = {
			isa = PBXGroup;
			children = (
				257F4C4EACF7D1194F9D7E9E,
				29C6E7574A0D752D8BFBACB2,
				C15C9653A39F33AF3F5EFDE2,
				B492BD782D61B6628E1C3FA0,
				B43DDC2E4A2242B895B5967C,
				ADB9FEDA4940B6E38D70A811,
				4B6BA4167BD70658427CD07E,
				C0614AA16AC5ADDBB27E891B,
				FFB9A111E98DE786B6CDCBD3,
				8B4B5320CF4883E8DBD8FCA8,
				5AA8EC05F8406A74D0BDF435,
				96E1B891C8804ADF86E10683,
				FE1EACEF93D23217AF347532,
				AE10204216D6C4287F1EFAD7,
			);
			name = "JUCE Modules";
			sourceTree = "<group>";
		};
		43C468C5C87C29F9BF7F0F6A = {
			isa = PBXGroup;
			children = (
				37573E09DF16400AE18EB9AD,
				AFF6A7EBA071291370A0D2CC,
				4591EB88B31988A6F0221641,
				AC0DB44FF3046A2988A8CC20,
				697E7D3D981F4114EEEDC48F,
				98072ACD9C178D6378F5EC4C,
				C2D301032EBAC17CC739C738,
				1C847DC5FA0F20A8D565B6E0,
				95857F90DB68A167247F58C1,
				55C87F1BBAF93928B932E72A,
				A8BC7A889094F18C373A8EEC,
				DE543355D8B48FDA439F7AAA,
				F6E578AC4804FAC5EF0CEC78,
				C100DE41701A307B7E29F9CA,
				FE3E00015A605DCFA0B9EA29,
				0195FE8C997E308FEB116117,
				225E9C346A1A13BECBC0C9DE,
				481E2A146BCB4A794B09F2F3,
				18FAD1E968EE70B1E803E2C8,
				A240BDE1F8F4C81251B411E3,
				D5574814D8D35732FC1BD202,
			);
			name = "JUCE Library Code";
			sourceTree = "<group>";
		};
		853B48FB762CF6C81B7CDE3A = {
			isa = PBXGroup;
			children = (
				3B0EDB2B7255F400834B7991,
				966916F4C717CEE6ED64B98C,
				B71387EBEF2D2388F8B64B1F,
			);
			name = Resources;
			sourceTree = "<group>";
		};
		A5632A08FD270C3ABC43AE36 = {
			isa = PBXGroup;
			children = (
				F568363BA7F920F40C726CC8,
				20CCB9C4E0F552141872CF8F,
				2B5BF017C2BBC0630828E817,
				7BD8E1FDF46DB86844C0019B,
				6F46317CBE8A69E8913A9D3D,
				9572733BADD0D750E9502C57,
				68421909DCA79FD3FD84B343,
				705715D25D5EFEF79521AA85,
				091C3E050FCB4355AB96F41A,
				5695190685CA77BC4901AB87,
				03D46D40639FEC81009AFB76,
				DAA4FBBEDDFECE9DB5EF18F5,
				7E30170630E2BB4375EFF4BC,
			);
			name = Frameworks;
			sourceTree = "<group>";
		};
		4029DA7D61DB445F6DC6C32B = {
			isa = PBXGroup;
			children = (
				A88881FE330C739B99B4A166,
				3899AD78AEB5471DF9D1A02B,
				CA8F26F0026D1B60B00C45C9,
			);
			name = Products;
			sourceTree = "<group>";
		};
		8DFE55157DF61C21267A4E64 = {
			isa = PBXGroup;
			children = (
				AC642725410D15B1E31D1C9C,
				F2792C40008051E4FE683A77,
				43C468C5C87C29F9BF7F0F6A,
				853B48FB762CF6C81B7CDE3A,
				A5632A08FD270C3ABC43AE36,
				4029DA7D61DB445F6DC6C32B,
			);
			name = Source;
			sourceTree = "<group>";
		};
		6479BA0A68E66B4345D90DD7 = {
			isa = XCBuildConfiguration;
			buildSettings = {
				MACOSX_DEPLOYMENT_TARGET = 10.11;
				SDKROOT = macosx;
			};
			name = Debug;
		};
		5C6F658AA914842DAA0FAB15 = {
			isa = XCBuildConfiguration;
			buildSettings = {
				MACOSX_DEPLOYMENT_TARGET = 10.11;
				SDKROOT = macosx;
			};
			name = Release;
		};
		0498C6EE834AF6CA33ABC7C0 = {
			isa = XCBuildConfiguration;
			buildSettings = {
				CLANG_CXX_LANGUAGE_STANDARD = "c++14";
				CLANG_CXX_LIBRARY = "libc++";
				CLANG_LINK_OBJC_RUNTIME = NO;
				CODE_SIGN_IDENTITY = "";
				COMBINE_HIDPI_IMAGES = YES;
				CONFIGURATION_BUILD_DIR = "$(PROJECT_DIR)/build/$(CONFIGURATION)";
				COPY_PHASE_STRIP = NO;
				DEPLOYMENT_LOCATION = YES;
				DSTROOT = /;
				GCC_DYNAMIC_NO_PIC = NO;
				GCC_OPTIMIZATION_LEVEL = 0;
				GCC_PREPROCESSOR_DEFINITIONS = (
					"_DEBUG=1",
					"DEBUG=1",
					"JUCER_XCODE_MAC_F6D2F4CF=1",
					"JUCE_APP_VERSION=1.0.0",
					"JUCE_APP_VERSION_HEX=0x10000",
					"JucePlugin_Build_VST=0",
					"JucePlugin_Build_VST3=1",
					"JucePlugin_Build_AU=0",
					"JucePlugin_Build_AUv3=0",
					"JucePlugin_Build_RTAS=0",
					"JucePlugin_Build_AAX=0",
					"JucePlugin_Build_Standalone=0",
					"JucePlugin_Build_Unity=0",
				);
				GCC_VERSION = com.apple.compilers.llvm.clang.1_0;
				GENERATE_PKGINFO_FILE = YES;
				HEADER_SEARCH_PATHS = (
					"../../VST3_SDK",
					"../../JuceLibraryCode",
					"$(HOME)/JUCE/modules",
					"$(HOME)/JUCE/modules/juce_audio_plugin_client",
					"$(inherited)",
				);
				INFOPLIST_FILE = Info-VST3.plist;
				INFOPLIST_PREPROCESS = NO;
				INSTALL_PATH = "C:/Program Files/Vst3plugins";
				LIBRARY_STYLE = Bundle;
				MACOSX_DEPLOYMENT_TARGET = 10.11;
				OTHER_LDFLAGS = "-bundle -lPhantom";
				PRODUCT_BUNDLE_IDENTIFIER = com.MaxwellAudio.Phantom;
				PRODUCT_NAME = "Phantom";
				USE_HEADERMAP = NO;
				WRAPPER_EXTENSION = vst3;
			};
			name = Debug;
		};
		DC46FB62DAFE11C2661B5E5F = {
			isa = XCBuildConfiguration;
			buildSettings = {
				CLANG_CXX_LANGUAGE_STANDARD = "c++14";
				CLANG_CXX_LIBRARY = "libc++";
				CLANG_LINK_OBJC_RUNTIME = NO;
				CODE_SIGN_IDENTITY = "";
				COMBINE_HIDPI_IMAGES = YES;
				CONFIGURATION_BUILD_DIR = "$(PROJECT_DIR)/build/$(CONFIGURATION)";
				DEAD_CODE_STRIPPING = YES;
				DEPLOYMENT_LOCATION = YES;
				DSTROOT = /;
				GCC_GENERATE_DEBUGGING_SYMBOLS = NO;
				GCC_OPTIMIZATION_LEVEL = 3;
				GCC_PREPROCESSOR_DEFINITIONS = (
					"_NDEBUG=1",
					"NDEBUG=1",
					"JUCER_XCODE_MAC_F6D2F4CF=1",
					"JUCE_APP_VERSION=1.0.0",
					"JUCE_APP_VERSION_HEX=0x10000",
					"JucePlugin_Build_VST=0",
					"JucePlugin_Build_VST3=1",
					"JucePlugin_Build_AU=0",
					"JucePlugin_Build_AUv3=0",
					"JucePlugin_Build_RTAS=0",
					"JucePlugin_Build_AAX=0",
					"JucePlugin_Build_Standalone=0",
					"JucePlugin_Build_Unity=0",
				);
				GCC_SYMBOLS_PRIVATE_EXTERN = YES;
				GCC_VERSION = com.apple.compilers.llvm.clang.1_0;
				GENERATE_PKGINFO_FILE = YES;
				HEADER_SEARCH_PATHS = (
					"../../VST3_SDK",
					"../../JuceLibraryCode",
					"$(HOME)/JUCE/modules",
					"$(HOME)/JUCE/modules/juce_audio_plugin_client",
					"$(inherited)",
				);
				INFOPLIST_FILE = Info-VST3.plist;
				INFOPLIST_PREPROCESS = NO;
				INSTALL_PATH = "C:/Program Files/Vst3plugins";
				LIBRARY_STYLE = Bundle;
				LLVM_LTO = YES;
				MACOSX_DEPLOYMENT_TARGET = 10.11;
				OTHER_LDFLAGS = "-bundle -lPhantom";
				PRODUCT_BUNDLE_IDENTIFIER = com.MaxwellAudio.Phantom;
				PRODUCT_NAME = "Phantom";
				USE_HEADERMAP = NO;
				WRAPPER_EXTENSION = vst3;
			};
			name = Release;
		};
		1A2A5C2671DEE3156BB70831 = {
			isa = XCBuildConfiguration;
			buildSettings = {
				CLANG_CXX_LANGUAGE_STANDARD = "c++14";
				CLANG_CXX_LIBRARY = "libc++";
				CLANG_LINK_OBJC_RUNTIME = NO;
				CODE_SIGN_IDENTITY = "";
				COMBINE_HIDPI_IMAGES = YES;
				CONFIGURATION_BUILD_DIR = "$(PROJECT_DIR)/build/$(CONFIGURATION)";
				COPY_PHASE_STRIP = NO;
				DEPLOYMENT_LOCATION = YES;
				DSTROOT = /;
				GCC_DYNAMIC_NO_PIC = NO;
				GCC_OPTIMIZATION_LEVEL = 0;
				GCC_PREPROCESSOR_DEFINITIONS = (
					"_DEBUG=1",
					"DEBUG=1",
					"JUCER_XCODE_MAC_F6D2F4CF=1",
					"JUCE_APP_VERSION=1.0.0",
					"JUCE_APP_VERSION_HEX=0x10000",
					"JucePlugin_Build_VST=0",
					"JucePlugin_Build_VST3=0",
					"JucePlugin_Build_AU=1",
					"JucePlugin_Build_AUv3=0",
					"JucePlugin_Build_RTAS=0",
					"JucePlugin_Build_AAX=0",
					"JucePlugin_Build_Standalone=0",
					"JucePlugin_Build_Unity=0",
				);
				GCC_VERSION = com.apple.compilers.llvm.clang.1_0;
				GENERATE_PKGINFO_FILE = YES;
				HEADER_SEARCH_PATHS = (
					"../../VST3_SDK",
					"../../JuceLibraryCode",
					"$(HOME)/JUCE/modules",
					"$(HOME)/JUCE/modules/juce_audio_plugin_client",
					"$(inherited)",
				);
				INFOPLIST_FILE = Info-AU.plist;
				INFOPLIST_PREPROCESS = NO;
				INSTALL_PATH = "$(HOME)/Library/Audio/Plug-Ins/Components/";
				LIBRARY_STYLE = Bundle;
				MACOSX_DEPLOYMENT_TARGET = 10.11;
				OTHER_LDFLAGS = "-bundle -lPhantom";
				OTHER_REZFLAGS = "-d ppc_$ppc -d i386_$i386 -d ppc64_$ppc64 -d x86_64_$x86_64 -I /System/Library/Frameworks/CoreServices.framework/Frameworks/CarbonCore.framework/Versions/A/Headers -I \"$(DEVELOPER_DIR)/Extras/CoreAudio/AudioUnits/AUPublic/AUBase\" -I \"$(DEVELOPER_DIR)/Platforms/MacOSX.platform/Developer/SDKs/MacOSX.sdk/System/Library/Frameworks/AudioUnit.framework/Headers\"";
				PRODUCT_BUNDLE_IDENTIFIER = com.MaxwellAudio.Phantom;
				PRODUCT_NAME = "Phantom";
				USE_HEADERMAP = NO;
				WRAPPER_EXTENSION = component;
			};
			name = Debug;
		};
		3B632B2BCA0920BBDD9E4EC7 = {
			isa = XCBuildConfiguration;
			buildSettings = {
				CLANG_CXX_LANGUAGE_STANDARD = "c++14";
				CLANG_CXX_LIBRARY = "libc++";
				CLANG_LINK_OBJC_RUNTIME = NO;
				CODE_SIGN_IDENTITY = "";
				COMBINE_HIDPI_IMAGES = YES;
				CONFIGURATION_BUILD_DIR = "$(PROJECT_DIR)/build/$(CONFIGURATION)";
				DEAD_CODE_STRIPPING = YES;
				DEPLOYMENT_LOCATION = YES;
				DSTROOT = /;
				GCC_GENERATE_DEBUGGING_SYMBOLS = NO;
				GCC_OPTIMIZATION_LEVEL = 3;
				GCC_PREPROCESSOR_DEFINITIONS = (
					"_NDEBUG=1",
					"NDEBUG=1",
					"JUCER_XCODE_MAC_F6D2F4CF=1",
					"JUCE_APP_VERSION=1.0.0",
					"JUCE_APP_VERSION_HEX=0x10000",
					"JucePlugin_Build_VST=0",
					"JucePlugin_Build_VST3=0",
					"JucePlugin_Build_AU=1",
					"JucePlugin_Build_AUv3=0",
					"JucePlugin_Build_RTAS=0",
					"JucePlugin_Build_AAX=0",
					"JucePlugin_Build_Standalone=0",
					"JucePlugin_Build_Unity=0",
				);
				GCC_SYMBOLS_PRIVATE_EXTERN = YES;
				GCC_VERSION = com.apple.compilers.llvm.clang.1_0;
				GENERATE_PKGINFO_FILE = YES;
				HEADER_SEARCH_PATHS = (
					"../../VST3_SDK",
					"../../JuceLibraryCode",
					"$(HOME)/JUCE/modules",
					"$(HOME)/JUCE/modules/juce_audio_plugin_client",
					"$(inherited)",
				);
				INFOPLIST_FILE = Info-AU.plist;
				INFOPLIST_PREPROCESS = NO;
				INSTALL_PATH = "$(HOME)/Library/Audio/Plug-Ins/Components/";
				LIBRARY_STYLE = Bundle;
				LLVM_LTO = YES;
				MACOSX_DEPLOYMENT_TARGET = 10.11;
				OTHER_LDFLAGS = "-bundle -lPhantom";
				OTHER_REZFLAGS = "-d ppc_$ppc -d i386_$i386 -d ppc64_$ppc64 -d x86_64_$x86_64 -I /System/Library/Frameworks/CoreServices.framework/Frameworks/CarbonCore.framework/Versions/A/Headers -I \"$(DEVELOPER_DIR)/Extras/CoreAudio/AudioUnits/AUPublic/AUBase\" -I \"$(DEVELOPER_DIR)/Platforms/MacOSX.platform/Developer/SDKs/MacOSX.sdk/System/Library/Frameworks/AudioUnit.framework/Headers\"";
				PRODUCT_BUNDLE_IDENTIFIER = com.MaxwellAudio.Phantom;
				PRODUCT_NAME = "Phantom";
				USE_HEADERMAP = NO;
				WRAPPER_EXTENSION = component;
			};
			name = Release;
		};
		82F060ECAD60505F53BD4B66 = {
			isa = XCBuildConfiguration;
			buildSettings = {
				CLANG_CXX_LANGUAGE_STANDARD = "c++14";
				CLANG_CXX_LIBRARY = "libc++";
				CLANG_LINK_OBJC_RUNTIME = NO;
				CODE_SIGN_IDENTITY = "";
				COMBINE_HIDPI_IMAGES = YES;
				CONFIGURATION_BUILD_DIR = "$(PROJECT_DIR)/build/$(CONFIGURATION)";
				COPY_PHASE_STRIP = NO;
				GCC_DYNAMIC_NO_PIC = NO;
				GCC_OPTIMIZATION_LEVEL = 0;
				GCC_PREPROCESSOR_DEFINITIONS = (
					"_DEBUG=1",
					"DEBUG=1",
					"JUCER_XCODE_MAC_F6D2F4CF=1",
					"JUCE_APP_VERSION=1.0.0",
					"JUCE_APP_VERSION_HEX=0x10000",
					"JucePlugin_Build_VST=0",
					"JucePlugin_Build_VST3=1",
					"JucePlugin_Build_AU=1",
					"JucePlugin_Build_AUv3=0",
					"JucePlugin_Build_RTAS=0",
					"JucePlugin_Build_AAX=0",
					"JucePlugin_Build_Standalone=0",
					"JucePlugin_Build_Unity=0",
					"JUCE_SHARED_CODE=1",
				);
				GCC_VERSION = com.apple.compilers.llvm.clang.1_0;
				HEADER_SEARCH_PATHS = (
					"../../VST3_SDK",
					"../../JuceLibraryCode",
					"$(HOME)/JUCE/modules",
					"$(HOME)/JUCE/modules/juce_audio_plugin_client",
					"$(inherited)",
				);
				INSTALL_PATH = "@executable_path/../Frameworks";
				MACOSX_DEPLOYMENT_TARGET = 10.11;
				PRODUCT_BUNDLE_IDENTIFIER = com.MaxwellAudio.Phantom;
				PRODUCT_NAME = "Phantom";
				SKIP_INSTALL = YES;
				USE_HEADERMAP = NO;
			};
			name = Debug;
		};
		CDCEF3BCC0D09244FF20857F = {
			isa = XCBuildConfiguration;
			buildSettings = {
				CLANG_CXX_LANGUAGE_STANDARD = "c++14";
				CLANG_CXX_LIBRARY = "libc++";
				CLANG_LINK_OBJC_RUNTIME = NO;
				CODE_SIGN_IDENTITY = "";
				COMBINE_HIDPI_IMAGES = YES;
				CONFIGURATION_BUILD_DIR = "$(PROJECT_DIR)/build/$(CONFIGURATION)";
				DEAD_CODE_STRIPPING = YES;
				GCC_GENERATE_DEBUGGING_SYMBOLS = NO;
				GCC_OPTIMIZATION_LEVEL = 3;
				GCC_PREPROCESSOR_DEFINITIONS = (
					"_NDEBUG=1",
					"NDEBUG=1",
					"JUCER_XCODE_MAC_F6D2F4CF=1",
					"JUCE_APP_VERSION=1.0.0",
					"JUCE_APP_VERSION_HEX=0x10000",
					"JucePlugin_Build_VST=0",
					"JucePlugin_Build_VST3=1",
					"JucePlugin_Build_AU=1",
					"JucePlugin_Build_AUv3=0",
					"JucePlugin_Build_RTAS=0",
					"JucePlugin_Build_AAX=0",
					"JucePlugin_Build_Standalone=0",
					"JucePlugin_Build_Unity=0",
					"JUCE_SHARED_CODE=1",
				);
				GCC_SYMBOLS_PRIVATE_EXTERN = YES;
				GCC_VERSION = com.apple.compilers.llvm.clang.1_0;
				HEADER_SEARCH_PATHS = (
					"../../VST3_SDK",
					"../../JuceLibraryCode",
					"$(HOME)/JUCE/modules",
					"$(HOME)/JUCE/modules/juce_audio_plugin_client",
					"$(inherited)",
				);
				INSTALL_PATH = "@executable_path/../Frameworks";
				LLVM_LTO = YES;
				MACOSX_DEPLOYMENT_TARGET = 10.11;
				PRODUCT_BUNDLE_IDENTIFIER = com.MaxwellAudio.Phantom;
				PRODUCT_NAME = "Phantom";
				SKIP_INSTALL = YES;
				USE_HEADERMAP = NO;
			};
			name = Release;
		};
		3513C85A7DCD150908B54753 = {
			isa = XCBuildConfiguration;
			buildSettings = {
				ALWAYS_SEARCH_USER_PATHS = NO;
				CLANG_ENABLE_OBJC_WEAK = YES;
				CLANG_WARN_BLOCK_CAPTURE_AUTORELEASING = YES;
				CLANG_WARN_BOOL_CONVERSION = YES;
				CLANG_WARN_COMMA = YES;
				CLANG_WARN_CONSTANT_CONVERSION = YES;
				CLANG_WARN_DEPRECATED_OBJC_IMPLEMENTATIONS = YES;
				CLANG_WARN_EMPTY_BODY = YES;
				CLANG_WARN_ENUM_CONVERSION = YES;
				CLANG_WARN_INFINITE_RECURSION = YES;
				CLANG_WARN_INT_CONVERSION = YES;
				CLANG_WARN_NON_LITERAL_NULL_CONVERSION = YES;
				CLANG_WARN_OBJC_IMPLICIT_RETAIN_SELF = YES;
				CLANG_WARN_OBJC_LITERAL_CONVERSION = YES;
				CLANG_WARN_RANGE_LOOP_ANALYSIS = YES;
				CLANG_WARN_STRICT_PROTOTYPES = YES;
				CLANG_WARN_SUSPICIOUS_MOVE = YES;
				CLANG_WARN_UNREACHABLE_CODE = YES;
				CLANG_WARN__DUPLICATE_METHOD_MATCH = YES;
				CODE_SIGN_IDENTITY = "";
				DEBUG_INFORMATION_FORMAT = dwarf;
				ENABLE_STRICT_OBJC_MSGSEND = YES;
				ENABLE_TESTABILITY = YES;
				GCC_C_LANGUAGE_STANDARD = c11;
				GCC_INLINES_ARE_PRIVATE_EXTERN = YES;
				GCC_MODEL_TUNING = G5;
				GCC_NO_COMMON_BLOCKS = YES;
				GCC_WARN_64_TO_32_BIT_CONVERSION = YES;
				GCC_WARN_ABOUT_RETURN_TYPE = YES;
				GCC_WARN_CHECK_SWITCH_STATEMENTS = YES;
				GCC_WARN_MISSING_PARENTHESES = YES;
				GCC_WARN_NON_VIRTUAL_DESTRUCTOR = YES;
				GCC_WARN_TYPECHECK_CALLS_TO_PRINTF = YES;
				GCC_WARN_UNDECLARED_SELECTOR = YES;
				GCC_WARN_UNINITIALIZED_AUTOS = YES;
				GCC_WARN_UNUSED_FUNCTION = YES;
				GCC_WARN_UNUSED_VARIABLE = YES;
				ONLY_ACTIVE_ARCH = YES;
				PRODUCT_NAME = "Phantom";
				SDKROOT = macosx;
				WARNING_CFLAGS = "-Wreorder";
				ZERO_LINK = NO;
			};
			name = Debug;
		};
		E62517C272E8053A1F24996C = {
			isa = XCBuildConfiguration;
			buildSettings = {
				ALWAYS_SEARCH_USER_PATHS = NO;
				CLANG_ENABLE_OBJC_WEAK = YES;
				CLANG_WARN_BLOCK_CAPTURE_AUTORELEASING = YES;
				CLANG_WARN_BOOL_CONVERSION = YES;
				CLANG_WARN_COMMA = YES;
				CLANG_WARN_CONSTANT_CONVERSION = YES;
				CLANG_WARN_DEPRECATED_OBJC_IMPLEMENTATIONS = YES;
				CLANG_WARN_EMPTY_BODY = YES;
				CLANG_WARN_ENUM_CONVERSION = YES;
				CLANG_WARN_INFINITE_RECURSION = YES;
				CLANG_WARN_INT_CONVERSION = YES;
				CLANG_WARN_NON_LITERAL_NULL_CONVERSION = YES;
				CLANG_WARN_OBJC_IMPLICIT_RETAIN_SELF = YES;
				CLANG_WARN_OBJC_LITERAL_CONVERSION = YES;
				CLANG_WARN_RANGE_LOOP_ANALYSIS = YES;
				CLANG_WARN_STRICT_PROTOTYPES = YES;
				CLANG_WARN_SUSPICIOUS_MOVE = YES;
				CLANG_WARN_UNREACHABLE_CODE = YES;
				CLANG_WARN__DUPLICATE_METHOD_MATCH = YES;
				CODE_SIGN_IDENTITY = "";
				DEBUG_INFORMATION_FORMAT = dwarf;
				ENABLE_STRICT_OBJC_MSGSEND = YES;
				GCC_C_LANGUAGE_STANDARD = c11;
				GCC_INLINES_ARE_PRIVATE_EXTERN = YES;
				GCC_MODEL_TUNING = G5;
				GCC_NO_COMMON_BLOCKS = YES;
				GCC_WARN_64_TO_32_BIT_CONVERSION = YES;
				GCC_WARN_ABOUT_RETURN_TYPE = YES;
				GCC_WARN_CHECK_SWITCH_STATEMENTS = YES;
				GCC_WARN_MISSING_PARENTHESES = YES;
				GCC_WARN_NON_VIRTUAL_DESTRUCTOR = YES;
				GCC_WARN_TYPECHECK_CALLS_TO_PRINTF = YES;
				GCC_WARN_UNDECLARED_SELECTOR = YES;
				GCC_WARN_UNINITIALIZED_AUTOS = YES;
				GCC_WARN_UNUSED_FUNCTION = YES;
				GCC_WARN_UNUSED_VARIABLE = YES;
				PRODUCT_NAME = "Phantom";
				SDKROOT = macosx;
				WARNING_CFLAGS = "-Wreorder";
				ZERO_LINK = NO;
			};
			name = Release;
		};
		044E8D0FCAE28FE3FE36246A = {
			isa = PBXTargetDependency;
			target = 72DF351A19F295B5CEE5DA97;
		};
		321902CCBD866833BC4E049F = {
			isa = PBXTargetDependency;
			target = A294A261A1606E3418FF328B;
		};
		16A33381715854056EB87185 = {
			isa = PBXTargetDependency;
			target = FEB58A14D1FCBD2456F39A9F;
		};
		048CEAB9AD3A6601AEBF0558 = {
			isa = XCConfigurationList;
			buildConfigurations = (
				3513C85A7DCD150908B54753,
				E62517C272E8053A1F24996C,
			);
			defaultConfigurationIsVisible = 0;
			defaultConfigurationName = Debug;
		};
		336F67218639A95841D08A3A = {
			isa = XCConfigurationList;
			buildConfigurations = (
				6479BA0A68E66B4345D90DD7,
				5C6F658AA914842DAA0FAB15,
			);
			defaultConfigurationIsVisible = 0;
			defaultConfigurationName = Debug;
		};
		30602522F8F99AD6AD844A81 = {
			isa = PBXAggregateTarget;
			buildConfigurationList = 336F67218639A95841D08A3A;
			buildPhases = ( );
			buildRules = ( );
			dependencies = (
				044E8D0FCAE28FE3FE36246A,
				321902CCBD866833BC4E049F,
				16A33381715854056EB87185,
			);
			name = "Phantom - All";
			productName = Phantom;
		};
		35D3B4121E451FEE9DC5194F = {
			isa = XCConfigurationList;
			buildConfigurations = (
				0498C6EE834AF6CA33ABC7C0,
				DC46FB62DAFE11C2661B5E5F,
			);
			defaultConfigurationIsVisible = 0;
			defaultConfigurationName = Debug;
		};
		A39A27435A13625523DAC0BE = {
			isa = PBXResourcesBuildPhase;
			buildActionMask = 2147483647;
			files = (
				8BEEC8465891AA8017A225C1,
			);
			runOnlyForDeploymentPostprocessing = 0;
		};
		4E61F35D850CDC990D566614 = {
			isa = PBXSourcesBuildPhase;
			buildActionMask = 2147483647;
			files = (
				93E9FA216908070ACF8DB80C,
			);
			runOnlyForDeploymentPostprocessing = 0;
		};
		5BF7752BE6933E7C4D942C66 = {
			isa = PBXFrameworksBuildPhase;
			buildActionMask = 2147483647;
			files = (
				76F046BDDDB3441D5F3A759D,
				3F61CA422DC293413CD6E5B9,
				A1CB54A0E887B4D0691DC674,
				AEF767B7A5F09BF6EE8C4A18,
				FF53EF28A1563A997F0AE04D,
				3722E0091F6B9077D808DDA2,
				16EDF35CE629F381953ECF81,
				DCCAA6673FED2EF50F14CF35,
				1B1E1C1268D365334804FF4B,
				A77A862FAD718842303A602A,
				B7CDE7E2600C51BB80EBFC0C,
				A4A84BF6E44E5D1D253A7958,
			);
			runOnlyForDeploymentPostprocessing = 0;
		};
		72DF351A19F295B5CEE5DA97 = {
			isa = PBXNativeTarget;
			buildConfigurationList = 35D3B4121E451FEE9DC5194F;
			buildPhases = (
				A39A27435A13625523DAC0BE,
				4E61F35D850CDC990D566614,
				5BF7752BE6933E7C4D942C66,
			);
			buildRules = ( );
			dependencies = (
				16A33381715854056EB87185,
			);
			name = "Phantom - VST3";
			productName = Phantom;
			productReference = A88881FE330C739B99B4A166;
			productType = "com.apple.product-type.bundle";
		};
		CE4DD7D7EB2333B4865DB9D9 = {
			isa = XCConfigurationList;
			buildConfigurations = (
				1A2A5C2671DEE3156BB70831,
				3B632B2BCA0920BBDD9E4EC7,
			);
			defaultConfigurationIsVisible = 0;
			defaultConfigurationName = Debug;
		};
		79D0587D7FA9F0A646791812 = {
			isa = PBXResourcesBuildPhase;
			buildActionMask = 2147483647;
			files = (
				8BEEC8465891AA8017A225C1,
			);
			runOnlyForDeploymentPostprocessing = 0;
		};
		999637DF5C464CA71D36A4CA = {
			isa = PBXRezBuildPhase;
			buildActionMask = 2147483647;
			files = (
				8F532C8E31A667545A884F17,
			);
			runOnlyForDeploymentPostprocessing = 0;
		};
		4896D81E20EFB89C9CC6F3EB = {
			isa = PBXSourcesBuildPhase;
			buildActionMask = 2147483647;
			files = (
				2A4D3A3743C9BD52F7D7D43D,
				33304E8CF2BBD7532E9E1353,
			);
			runOnlyForDeploymentPostprocessing = 0;
		};
		D5C9A6E29F4517370141ED9E = {
			isa = PBXFrameworksBuildPhase;
			buildActionMask = 2147483647;
			files = (
				017736F6C677D6EE0FAC1FF0,
				76F046BDDDB3441D5F3A759D,
				3F61CA422DC293413CD6E5B9,
				A1CB54A0E887B4D0691DC674,
				AEF767B7A5F09BF6EE8C4A18,
				FF53EF28A1563A997F0AE04D,
				3722E0091F6B9077D808DDA2,
				16EDF35CE629F381953ECF81,
				DCCAA6673FED2EF50F14CF35,
				1B1E1C1268D365334804FF4B,
				A77A862FAD718842303A602A,
				B7CDE7E2600C51BB80EBFC0C,
				A4A84BF6E44E5D1D253A7958,
			);
			runOnlyForDeploymentPostprocessing = 0;
		};
		A294A261A1606E3418FF328B = {
			isa = PBXNativeTarget;
			buildConfigurationList = CE4DD7D7EB2333B4865DB9D9;
			buildPhases = (
				79D0587D7FA9F0A646791812,
				999637DF5C464CA71D36A4CA,
				4896D81E20EFB89C9CC6F3EB,
				D5C9A6E29F4517370141ED9E,
			);
			buildRules = ( );
			dependencies = (
				16A33381715854056EB87185,
			);
			name = "Phantom - AU";
			productName = Phantom;
			productReference = 3899AD78AEB5471DF9D1A02B;
			productType = "com.apple.product-type.bundle";
		};
		BC26D11AC29155480AB3E95A = {
			isa = XCConfigurationList;
			buildConfigurations = (
				82F060ECAD60505F53BD4B66,
				CDCEF3BCC0D09244FF20857F,
			);
			defaultConfigurationIsVisible = 0;
			defaultConfigurationName = Debug;
		};
		ED1736C1FD4254D326C44C9D = {
			isa = PBXSourcesBuildPhase;
			buildActionMask = 2147483647;
			files = (
				1CB4553E09C987476DEF8F0C,
				709E4B9421001C8D59964D86,
				DA1036D43FC4259CB43081FA,
				9256B5ABD672BBA21E8E7178,
				4D8CFFC1CBC5171E643F1DE9,
				D0D3D5113C971440AE9D0B70,
				466A0CE8EA222DF6B8423575,
				E25067F662EC85BFB0440B74,
				5EEC25E03FD16E88856DF3E7,
				484A6DE361B22D6B10EBEC19,
				357ED28E33553B7A38EE0F27,
				89B91E3FB34E67045B59F48E,
				128A0113F1CE9CA83557BFBB,
				4CD5ADD792602CDD68AB7D40,
				4E39AA4B3A9A9DE8B6A90ABA,
				4D616E7A73FF2295620157D4,
				C44499E848E11B340EB95493,
				57D4CB0F9A79CEB7FDB4E8D9,
				023A8F3A48ED16AB572A45B1,
			);
			runOnlyForDeploymentPostprocessing = 0;
		};
		FEB58A14D1FCBD2456F39A9F = {
			isa = PBXNativeTarget;
			buildConfigurationList = BC26D11AC29155480AB3E95A;
			buildPhases = (
				ED1736C1FD4254D326C44C9D,
			);
			buildRules = ( );
			dependencies = ( );
			name = "Phantom - Shared Code";
			productName = Phantom;
			productReference = CA8F26F0026D1B60B00C45C9;
			productType = "com.apple.product-type.library.static";
		};
		98D3442FF720449C0C292579 = {
			isa = PBXProject;
			buildConfigurationList = 048CEAB9AD3A6601AEBF0558;
			attributes = { LastUpgradeCheck = 1100; ORGANIZATIONNAME = "Maxwell Audio"; TargetAttributes = { 30602522F8F99AD6AD844A81 = { SystemCapabilities = {com.apple.ApplicationGroups.iOS = { enabled = 0; }; com.apple.InAppPurchase = { enabled = 0; }; com.apple.InterAppAudio = { enabled = 0; }; com.apple.Push = { enabled = 0; }; com.apple.Sandbox = { enabled = 0; }; com.apple.HardenedRuntime = { enabled = 0; }; }; };72DF351A19F295B5CEE5DA97 = { SystemCapabilities = {com.apple.ApplicationGroups.iOS = { enabled = 0; }; com.apple.InAppPurchase = { enabled = 0; }; com.apple.InterAppAudio = { enabled = 0; }; com.apple.Push = { enabled = 0; }; com.apple.Sandbox = { enabled = 0; }; com.apple.HardenedRuntime = { enabled = 0; }; }; };A294A261A1606E3418FF328B = { SystemCapabilities = {com.apple.ApplicationGroups.iOS = { enabled = 0; }; com.apple.InAppPurchase = { enabled = 0; }; com.apple.InterAppAudio = { enabled = 0; }; com.apple.Push = { enabled = 0; }; com.apple.Sandbox = { enabled = 0; }; com.apple.HardenedRuntime = { enabled = 0; }; }; };FEB58A14D1FCBD2456F39A9F = { SystemCapabilities = {com.apple.ApplicationGroups.iOS = { enabled = 0; }; com.apple.InAppPurchase = { enabled = 0; }; com.apple.InterAppAudio = { enabled = 0; }; com.apple.Push = { enabled = 0; }; com.apple.Sandbox = { enabled = 0; }; com.apple.HardenedRuntime = { enabled = 0; }; }; }; }; };
			compatibilityVersion = "Xcode 3.2";
			hasScannedForEncodings = 0;
			mainGroup = 8DFE55157DF61C21267A4E64;
			projectDirPath = "";
			projectRoot = "";
			targets = (30602522F8F99AD6AD844A81, 72DF351A19F295B5CEE5DA97, A294A261A1606E3418FF328B, FEB58A14D1FCBD2456F39A9F);
			knownRegions = (en, Base);
		};
	};
	rootObject = 98D3442FF720449C0C292579;
}
